Microsoft Visual Studio Solution File, Format Version 12.00
# Visual Studio Version 17
VisualStudioVersion = 17.5.2.0
MinimumVisualStudioVersion = 10.0.40219.1
Project("{FAE04EC0-301F-11D3-BF4B-00C04F79EFBC}") = "MojProjekt", "MojProjekt\MojProjekt.csproj", "{AD52BE94-DCA6-9E9D-ED4C-9A2DEEAAC961}"
EndProject
Global
	GlobalSection(SolutionConfigurationPlatforms) = preSolution
		Debug|Any CPU = Debug|Any CPU
		Release|Any CPU = Release|Any CPU
	EndGlobalSection
	GlobalSection(ProjectConfigurationPlatforms) = postSolution
		{AD52BE94-DCA6-9E9D-ED4C-9A2DEEAAC961}.Debug|Any CPU.ActiveCfg = Debug|Any CPU
		{AD52BE94-DCA6-9E9D-ED4C-9A2DEEAAC961}.Debug|Any CPU.Build.0 = Debug|Any CPU
		{AD52BE94-DCA6-9E9D-ED4C-9A2DEEAAC961}.Release|Any CPU.ActiveCfg = Release|Any CPU
		{AD52BE94-DCA6-9E9D-ED4C-9A2DEEAAC961}.Release|Any CPU.Build.0 = Release|Any CPU
	EndGlobalSection
	GlobalSection(SolutionProperties) = preSolution
		HideSolutionNode = FALSE
	EndGlobalSection
	GlobalSection(ExtensibilityGlobals) = postSolution
		SolutionGuid = {467E1AA9-19B5-4749-81BD-B4D6344937C6}
	EndGlobalSection
EndGlobal
